// !$*UTF8*$!
{
	archiveVersion = 1;
	classes = {
	};
	objectVersion = 48;
	objects = {

/* Begin PBXBuildFile section */
		0B0D558A7BE47006FF891945 /* Pods_ARTest.framework in Frameworks */ = {isa = PBXBuildFile; fileRef = 554613C92AE4CEF986555D0A /* Pods_ARTest.framework */; };
		24F15F0C11A07B971F57EAFC /* Pods_ARTestUITests.framework in Frameworks */ = {isa = PBXBuildFile; fileRef = 1F27CFDF0243B7086A611785 /* Pods_ARTestUITests.framework */; };
		8F10900D0EF878021A512734 /* Pods_ARTestTests.framework in Frameworks */ = {isa = PBXBuildFile; fileRef = E9EEB2AA35A39EC33B66EC69 /* Pods_ARTestTests.framework */; };
		986F7E9020C2F10D003AB500 /* SCNVector3+MultipleFunctions.swift in Sources */ = {isa = PBXBuildFile; fileRef = 986F7E8F20C2F10D003AB500 /* SCNVector3+MultipleFunctions.swift */; };
		986F7E9220C2F5A5003AB500 /* matrix_float4x4+PositionFromTransform.swift in Sources */ = {isa = PBXBuildFile; fileRef = 986F7E9120C2F5A5003AB500 /* matrix_float4x4+PositionFromTransform.swift */; };
		986F7E9420C30AA5003AB500 /* Podfile in Resources */ = {isa = PBXBuildFile; fileRef = 986F7E9320C30AA5003AB500 /* Podfile */; };
		986F7E9620C32844003AB500 /* ViewController+LocationServices.swift in Sources */ = {isa = PBXBuildFile; fileRef = 986F7E9520C32844003AB500 /* ViewController+LocationServices.swift */; };
		986F7E9A20C333E5003AB500 /* ViewController+Firebase.swift in Sources */ = {isa = PBXBuildFile; fileRef = 986F7E9920C333E5003AB500 /* ViewController+Firebase.swift */; };
		986F7E9C20C33410003AB500 /* ViewController+Rendering.swift in Sources */ = {isa = PBXBuildFile; fileRef = 986F7E9B20C33410003AB500 /* ViewController+Rendering.swift */; };
		986F7E9F20C34663003AB500 /* FocusSquare.swift in Sources */ = {isa = PBXBuildFile; fileRef = 986F7E9E20C34663003AB500 /* FocusSquare.swift */; };
		986F7EA120C34682003AB500 /* FocusSquareSegment.swift in Sources */ = {isa = PBXBuildFile; fileRef = 986F7EA020C34681003AB500 /* FocusSquareSegment.swift */; };
		986F7EA420C346E3003AB500 /* StatusViewController.swift in Sources */ = {isa = PBXBuildFile; fileRef = 986F7EA320C346E3003AB500 /* StatusViewController.swift */; };
		986F7EA620C34701003AB500 /* VirtualObjectSelection.swift in Sources */ = {isa = PBXBuildFile; fileRef = 986F7EA520C34701003AB500 /* VirtualObjectSelection.swift */; };
		986F7EA920C3473C003AB500 /* Utilities.swift in Sources */ = {isa = PBXBuildFile; fileRef = 986F7EA820C3473C003AB500 /* Utilities.swift */; };
		986F7EAE20C347F4003AB500 /* VirtualObject.swift in Sources */ = {isa = PBXBuildFile; fileRef = 986F7EAD20C347F4003AB500 /* VirtualObject.swift */; };
		986F7EB020C34808003AB500 /* VirtualObjectLoader.swift in Sources */ = {isa = PBXBuildFile; fileRef = 986F7EAF20C34808003AB500 /* VirtualObjectLoader.swift */; };
		986F7EB220C3486E003AB500 /* Default-568h@2x.png in Resources */ = {isa = PBXBuildFile; fileRef = 986F7EB120C3486E003AB500 /* Default-568h@2x.png */; };
		986F7EB420C34964003AB500 /* VirtualObjectARView.swift in Sources */ = {isa = PBXBuildFile; fileRef = 986F7EB320C34964003AB500 /* VirtualObjectARView.swift */; };
		986F7EB620C3499B003AB500 /* ThresholdPanGesture.swift in Sources */ = {isa = PBXBuildFile; fileRef = 986F7EB520C3499B003AB500 /* ThresholdPanGesture.swift */; };
		986F7EB820C349C7003AB500 /* VirtualObjectInteraction.swift in Sources */ = {isa = PBXBuildFile; fileRef = 986F7EB720C349C7003AB500 /* VirtualObjectInteraction.swift */; };
		986F7EBA20C34A44003AB500 /* ViewController+Gestures.swift in Sources */ = {isa = PBXBuildFile; fileRef = 986F7EB920C34A44003AB500 /* ViewController+Gestures.swift */; };
		986F7EBC20C34AE3003AB500 /* ViewController+AnchorUpdate.swift in Sources */ = {isa = PBXBuildFile; fileRef = 986F7EBB20C34AE3003AB500 /* ViewController+AnchorUpdate.swift */; };
		986F7EBF20C34D87003AB500 /* ViewController.swift in Sources */ = {isa = PBXBuildFile; fileRef = 986F7EBE20C34D87003AB500 /* ViewController.swift */; };
		986F7EC020C35759003AB500 /* Assets.xcassets in Resources */ = {isa = PBXBuildFile; fileRef = 986F7EAB20C34780003AB500 /* Assets.xcassets */; };
		986F7EC220C35BBD003AB500 /* GoogleService-Info.plist in Resources */ = {isa = PBXBuildFile; fileRef = 986F7EC120C35BBD003AB500 /* GoogleService-Info.plist */; };
		986F7EC320C35BBD003AB500 /* GoogleService-Info.plist in Resources */ = {isa = PBXBuildFile; fileRef = 986F7EC120C35BBD003AB500 /* GoogleService-Info.plist */; };
		986F7EC420C35BBD003AB500 /* GoogleService-Info.plist in Resources */ = {isa = PBXBuildFile; fileRef = 986F7EC120C35BBD003AB500 /* GoogleService-Info.plist */; };
		986F7EC620C35DD5003AB500 /* LoginController.swift in Sources */ = {isa = PBXBuildFile; fileRef = 986F7EC520C35DD5003AB500 /* LoginController.swift */; };
		986F7EC720C35DD5003AB500 /* LoginController.swift in Sources */ = {isa = PBXBuildFile; fileRef = 986F7EC520C35DD5003AB500 /* LoginController.swift */; };
		986F7EC820C35DD5003AB500 /* LoginController.swift in Sources */ = {isa = PBXBuildFile; fileRef = 986F7EC520C35DD5003AB500 /* LoginController.swift */; };
		986F7ECA20C35FA4003AB500 /* UIColor+RGB.swift in Sources */ = {isa = PBXBuildFile; fileRef = 986F7EC920C35FA4003AB500 /* UIColor+RGB.swift */; };
		986F7ECB20C35FA4003AB500 /* UIColor+RGB.swift in Sources */ = {isa = PBXBuildFile; fileRef = 986F7EC920C35FA4003AB500 /* UIColor+RGB.swift */; };
		986F7ECC20C35FA4003AB500 /* UIColor+RGB.swift in Sources */ = {isa = PBXBuildFile; fileRef = 986F7EC920C35FA4003AB500 /* UIColor+RGB.swift */; };
		98B7C21F20C2484A0094231F /* AppDelegate.swift in Sources */ = {isa = PBXBuildFile; fileRef = 98B7C21E20C2484A0094231F /* AppDelegate.swift */; };
		98B7C22120C2484A0094231F /* art.scnassets in Resources */ = {isa = PBXBuildFile; fileRef = 98B7C22020C2484A0094231F /* art.scnassets */; };
		98B7C22320C2484A0094231F /* ViewController_DEPRECATED.swift in Sources */ = {isa = PBXBuildFile; fileRef = 98B7C22220C2484A0094231F /* ViewController_DEPRECATED.swift */; };
		98B7C22620C2484A0094231F /* Main.storyboard in Resources */ = {isa = PBXBuildFile; fileRef = 98B7C22420C2484A0094231F /* Main.storyboard */; };
		98B7C22B20C2484A0094231F /* LaunchScreen.storyboard in Resources */ = {isa = PBXBuildFile; fileRef = 98B7C22920C2484A0094231F /* LaunchScreen.storyboard */; };
		98B7C23620C2484B0094231F /* ARTestTests.swift in Sources */ = {isa = PBXBuildFile; fileRef = 98B7C23520C2484B0094231F /* ARTestTests.swift */; };
		98B7C24120C2484B0094231F /* ARTestUITests.swift in Sources */ = {isa = PBXBuildFile; fileRef = 98B7C24020C2484B0094231F /* ARTestUITests.swift */; };
/* End PBXBuildFile section */

/* Begin PBXContainerItemProxy section */
		98B7C23220C2484B0094231F /* PBXContainerItemProxy */ = {
			isa = PBXContainerItemProxy;
			containerPortal = 98B7C21320C2484A0094231F /* Project object */;
			proxyType = 1;
			remoteGlobalIDString = 98B7C21A20C2484A0094231F;
			remoteInfo = ARTest;
		};
		98B7C23D20C2484B0094231F /* PBXContainerItemProxy */ = {
			isa = PBXContainerItemProxy;
			containerPortal = 98B7C21320C2484A0094231F /* Project object */;
			proxyType = 1;
			remoteGlobalIDString = 98B7C21A20C2484A0094231F;
			remoteInfo = ARTest;
		};
/* End PBXContainerItemProxy section */

/* Begin PBXFileReference section */
		1F27CFDF0243B7086A611785 /* Pods_ARTestUITests.framework */ = {isa = PBXFileReference; explicitFileType = wrapper.framework; includeInIndex = 0; path = Pods_ARTestUITests.framework; sourceTree = BUILT_PRODUCTS_DIR; };
		29A8717803D9B7654973B266 /* Pods-ARTestTests.debug.xcconfig */ = {isa = PBXFileReference; includeInIndex = 1; lastKnownFileType = text.xcconfig; name = "Pods-ARTestTests.debug.xcconfig"; path = "Pods/Target Support Files/Pods-ARTestTests/Pods-ARTestTests.debug.xcconfig"; sourceTree = "<group>"; };
		554613C92AE4CEF986555D0A /* Pods_ARTest.framework */ = {isa = PBXFileReference; explicitFileType = wrapper.framework; includeInIndex = 0; path = Pods_ARTest.framework; sourceTree = BUILT_PRODUCTS_DIR; };
		908D5D25DCFD29780F90DA26 /* Pods-ARTestUITests.release.xcconfig */ = {isa = PBXFileReference; includeInIndex = 1; lastKnownFileType = text.xcconfig; name = "Pods-ARTestUITests.release.xcconfig"; path = "Pods/Target Support Files/Pods-ARTestUITests/Pods-ARTestUITests.release.xcconfig"; sourceTree = "<group>"; };
		986F7E8F20C2F10D003AB500 /* SCNVector3+MultipleFunctions.swift */ = {isa = PBXFileReference; lastKnownFileType = sourcecode.swift; path = "SCNVector3+MultipleFunctions.swift"; sourceTree = "<group>"; };
		986F7E9120C2F5A5003AB500 /* matrix_float4x4+PositionFromTransform.swift */ = {isa = PBXFileReference; lastKnownFileType = sourcecode.swift; path = "matrix_float4x4+PositionFromTransform.swift"; sourceTree = "<group>"; };
		986F7E9320C30AA5003AB500 /* Podfile */ = {isa = PBXFileReference; fileEncoding = 4; lastKnownFileType = text; path = Podfile; sourceTree = "<group>"; };
		986F7E9520C32844003AB500 /* ViewController+LocationServices.swift */ = {isa = PBXFileReference; lastKnownFileType = sourcecode.swift; path = "ViewController+LocationServices.swift"; sourceTree = "<group>"; };
		986F7E9920C333E5003AB500 /* ViewController+Firebase.swift */ = {isa = PBXFileReference; lastKnownFileType = sourcecode.swift; path = "ViewController+Firebase.swift"; sourceTree = "<group>"; };
		986F7E9B20C33410003AB500 /* ViewController+Rendering.swift */ = {isa = PBXFileReference; lastKnownFileType = sourcecode.swift; path = "ViewController+Rendering.swift"; sourceTree = "<group>"; };
		986F7E9E20C34663003AB500 /* FocusSquare.swift */ = {isa = PBXFileReference; lastKnownFileType = sourcecode.swift; path = FocusSquare.swift; sourceTree = "<group>"; };
		986F7EA020C34681003AB500 /* FocusSquareSegment.swift */ = {isa = PBXFileReference; lastKnownFileType = sourcecode.swift; path = FocusSquareSegment.swift; sourceTree = "<group>"; };
		986F7EA320C346E3003AB500 /* StatusViewController.swift */ = {isa = PBXFileReference; lastKnownFileType = sourcecode.swift; path = StatusViewController.swift; sourceTree = "<group>"; };
		986F7EA520C34701003AB500 /* VirtualObjectSelection.swift */ = {isa = PBXFileReference; lastKnownFileType = sourcecode.swift; path = VirtualObjectSelection.swift; sourceTree = "<group>"; };
		986F7EA820C3473C003AB500 /* Utilities.swift */ = {isa = PBXFileReference; lastKnownFileType = sourcecode.swift; path = Utilities.swift; sourceTree = "<group>"; };
		986F7EAB20C34780003AB500 /* Assets.xcassets */ = {isa = PBXFileReference; lastKnownFileType = folder.assetcatalog; path = Assets.xcassets; sourceTree = "<group>"; };
		986F7EAD20C347F4003AB500 /* VirtualObject.swift */ = {isa = PBXFileReference; lastKnownFileType = sourcecode.swift; path = VirtualObject.swift; sourceTree = "<group>"; };
		986F7EAF20C34808003AB500 /* VirtualObjectLoader.swift */ = {isa = PBXFileReference; lastKnownFileType = sourcecode.swift; path = VirtualObjectLoader.swift; sourceTree = "<group>"; };
		986F7EB120C3486E003AB500 /* Default-568h@2x.png */ = {isa = PBXFileReference; lastKnownFileType = image.png; path = "Default-568h@2x.png"; sourceTree = "<group>"; };
		986F7EB320C34964003AB500 /* VirtualObjectARView.swift */ = {isa = PBXFileReference; lastKnownFileType = sourcecode.swift; path = VirtualObjectARView.swift; sourceTree = "<group>"; };
		986F7EB520C3499B003AB500 /* ThresholdPanGesture.swift */ = {isa = PBXFileReference; lastKnownFileType = sourcecode.swift; path = ThresholdPanGesture.swift; sourceTree = "<group>"; };
		986F7EB720C349C7003AB500 /* VirtualObjectInteraction.swift */ = {isa = PBXFileReference; lastKnownFileType = sourcecode.swift; path = VirtualObjectInteraction.swift; sourceTree = "<group>"; };
		986F7EB920C34A44003AB500 /* ViewController+Gestures.swift */ = {isa = PBXFileReference; lastKnownFileType = sourcecode.swift; path = "ViewController+Gestures.swift"; sourceTree = "<group>"; };
		986F7EBB20C34AE3003AB500 /* ViewController+AnchorUpdate.swift */ = {isa = PBXFileReference; lastKnownFileType = sourcecode.swift; path = "ViewController+AnchorUpdate.swift"; sourceTree = "<group>"; };
		986F7EBE20C34D87003AB500 /* ViewController.swift */ = {isa = PBXFileReference; lastKnownFileType = sourcecode.swift; path = ViewController.swift; sourceTree = "<group>"; };
		986F7EC120C35BBD003AB500 /* GoogleService-Info.plist */ = {isa = PBXFileReference; fileEncoding = 4; lastKnownFileType = text.plist.xml; path = "GoogleService-Info.plist"; sourceTree = "<group>"; };
		986F7EC520C35DD5003AB500 /* LoginController.swift */ = {isa = PBXFileReference; lastKnownFileType = sourcecode.swift; path = LoginController.swift; sourceTree = "<group>"; };
		986F7EC920C35FA4003AB500 /* UIColor+RGB.swift */ = {isa = PBXFileReference; lastKnownFileType = sourcecode.swift; path = "UIColor+RGB.swift"; sourceTree = "<group>"; };
		98B7C21B20C2484A0094231F /* ARTest.app */ = {isa = PBXFileReference; explicitFileType = wrapper.application; includeInIndex = 0; path = ARTest.app; sourceTree = BUILT_PRODUCTS_DIR; };
		98B7C21E20C2484A0094231F /* AppDelegate.swift */ = {isa = PBXFileReference; lastKnownFileType = sourcecode.swift; path = AppDelegate.swift; sourceTree = "<group>"; };
		98B7C22020C2484A0094231F /* art.scnassets */ = {isa = PBXFileReference; lastKnownFileType = wrapper.scnassets; path = art.scnassets; sourceTree = "<group>"; };
		98B7C22220C2484A0094231F /* ViewController_DEPRECATED.swift */ = {isa = PBXFileReference; lastKnownFileType = sourcecode.swift; path = ViewController_DEPRECATED.swift; sourceTree = "<group>"; };
		98B7C22520C2484A0094231F /* Base */ = {isa = PBXFileReference; lastKnownFileType = file.storyboard; name = Base; path = Base.lproj/Main.storyboard; sourceTree = "<group>"; };
		98B7C22A20C2484A0094231F /* Base */ = {isa = PBXFileReference; lastKnownFileType = file.storyboard; name = Base; path = Base.lproj/LaunchScreen.storyboard; sourceTree = "<group>"; };
		98B7C22C20C2484A0094231F /* Info.plist */ = {isa = PBXFileReference; lastKnownFileType = text.plist.xml; path = Info.plist; sourceTree = "<group>"; };
		98B7C23120C2484B0094231F /* ARTestTests.xctest */ = {isa = PBXFileReference; explicitFileType = wrapper.cfbundle; includeInIndex = 0; path = ARTestTests.xctest; sourceTree = BUILT_PRODUCTS_DIR; };
		98B7C23520C2484B0094231F /* ARTestTests.swift */ = {isa = PBXFileReference; lastKnownFileType = sourcecode.swift; path = ARTestTests.swift; sourceTree = "<group>"; };
		98B7C23720C2484B0094231F /* Info.plist */ = {isa = PBXFileReference; lastKnownFileType = text.plist.xml; path = Info.plist; sourceTree = "<group>"; };
		98B7C23C20C2484B0094231F /* ARTestUITests.xctest */ = {isa = PBXFileReference; explicitFileType = wrapper.cfbundle; includeInIndex = 0; path = ARTestUITests.xctest; sourceTree = BUILT_PRODUCTS_DIR; };
		98B7C24020C2484B0094231F /* ARTestUITests.swift */ = {isa = PBXFileReference; lastKnownFileType = sourcecode.swift; path = ARTestUITests.swift; sourceTree = "<group>"; };
		98B7C24220C2484B0094231F /* Info.plist */ = {isa = PBXFileReference; lastKnownFileType = text.plist.xml; path = Info.plist; sourceTree = "<group>"; };
		BA03967AE7F45042142A3D86 /* Pods-ARTestUITests.debug.xcconfig */ = {isa = PBXFileReference; includeInIndex = 1; lastKnownFileType = text.xcconfig; name = "Pods-ARTestUITests.debug.xcconfig"; path = "Pods/Target Support Files/Pods-ARTestUITests/Pods-ARTestUITests.debug.xcconfig"; sourceTree = "<group>"; };
		C34AA609A1401DB0552970E7 /* Pods-ARTest.release.xcconfig */ = {isa = PBXFileReference; includeInIndex = 1; lastKnownFileType = text.xcconfig; name = "Pods-ARTest.release.xcconfig"; path = "Pods/Target Support Files/Pods-ARTest/Pods-ARTest.release.xcconfig"; sourceTree = "<group>"; };
		C645D88C999D91331B63530A /* Pods-ARTest.debug.xcconfig */ = {isa = PBXFileReference; includeInIndex = 1; lastKnownFileType = text.xcconfig; name = "Pods-ARTest.debug.xcconfig"; path = "Pods/Target Support Files/Pods-ARTest/Pods-ARTest.debug.xcconfig"; sourceTree = "<group>"; };
		D4048C0D237362411362963E /* Pods-ARTestTests.release.xcconfig */ = {isa = PBXFileReference; includeInIndex = 1; lastKnownFileType = text.xcconfig; name = "Pods-ARTestTests.release.xcconfig"; path = "Pods/Target Support Files/Pods-ARTestTests/Pods-ARTestTests.release.xcconfig"; sourceTree = "<group>"; };
		E9EEB2AA35A39EC33B66EC69 /* Pods_ARTestTests.framework */ = {isa = PBXFileReference; explicitFileType = wrapper.framework; includeInIndex = 0; path = Pods_ARTestTests.framework; sourceTree = BUILT_PRODUCTS_DIR; };
/* End PBXFileReference section */

/* Begin PBXFrameworksBuildPhase section */
		98B7C21820C2484A0094231F /* Frameworks */ = {
			isa = PBXFrameworksBuildPhase;
			buildActionMask = 2147483647;
			files = (
				0B0D558A7BE47006FF891945 /* Pods_ARTest.framework in Frameworks */,
			);
			runOnlyForDeploymentPostprocessing = 0;
		};
		98B7C22E20C2484B0094231F /* Frameworks */ = {
			isa = PBXFrameworksBuildPhase;
			buildActionMask = 2147483647;
			files = (
				8F10900D0EF878021A512734 /* Pods_ARTestTests.framework in Frameworks */,
			);
			runOnlyForDeploymentPostprocessing = 0;
		};
		98B7C23920C2484B0094231F /* Frameworks */ = {
			isa = PBXFrameworksBuildPhase;
			buildActionMask = 2147483647;
			files = (
				24F15F0C11A07B971F57EAFC /* Pods_ARTestUITests.framework in Frameworks */,
			);
			runOnlyForDeploymentPostprocessing = 0;
		};
/* End PBXFrameworksBuildPhase section */

/* Begin PBXGroup section */
		986F7E8E20C2F0C3003AB500 /* Extensions */ = {
			isa = PBXGroup;
			children = (
				986F7E8F20C2F10D003AB500 /* SCNVector3+MultipleFunctions.swift */,
				986F7E9120C2F5A5003AB500 /* matrix_float4x4+PositionFromTransform.swift */,
				986F7EBB20C34AE3003AB500 /* ViewController+AnchorUpdate.swift */,
				986F7E9520C32844003AB500 /* ViewController+LocationServices.swift */,
				986F7EB920C34A44003AB500 /* ViewController+Gestures.swift */,
				986F7E9920C333E5003AB500 /* ViewController+Firebase.swift */,
				986F7E9B20C33410003AB500 /* ViewController+Rendering.swift */,
				986F7EC920C35FA4003AB500 /* UIColor+RGB.swift */,
			);
			path = Extensions;
			sourceTree = "<group>";
		};
		986F7E9D20C3463C003AB500 /* Focus Square */ = {
			isa = PBXGroup;
			children = (
				986F7E9E20C34663003AB500 /* FocusSquare.swift */,
				986F7EA020C34681003AB500 /* FocusSquareSegment.swift */,
			);
			path = "Focus Square";
			sourceTree = "<group>";
		};
		986F7EA220C346B4003AB500 /* Additional View Controllers */ = {
			isa = PBXGroup;
			children = (
				986F7EA320C346E3003AB500 /* StatusViewController.swift */,
				986F7EA520C34701003AB500 /* VirtualObjectSelection.swift */,
			);
			path = "Additional View Controllers";
			sourceTree = "<group>";
		};
		986F7EA720C3472E003AB500 /* Utilities */ = {
			isa = PBXGroup;
			children = (
				986F7EA820C3473C003AB500 /* Utilities.swift */,
			);
			path = Utilities;
			sourceTree = "<group>";
		};
		986F7EAA20C3475A003AB500 /* Resources */ = {
			isa = PBXGroup;
			children = (
				98B7C22020C2484A0094231F /* art.scnassets */,
				986F7EAB20C34780003AB500 /* Assets.xcassets */,
				98B7C22420C2484A0094231F /* Main.storyboard */,
				98B7C22920C2484A0094231F /* LaunchScreen.storyboard */,
			);
			path = Resources;
			sourceTree = "<group>";
		};
		986F7EAC20C347D5003AB500 /* Virtual Objects */ = {
			isa = PBXGroup;
			children = (
				986F7EAD20C347F4003AB500 /* VirtualObject.swift */,
				986F7EAF20C34808003AB500 /* VirtualObjectLoader.swift */,
			);
			path = "Virtual Objects";
			sourceTree = "<group>";
		};
		986F7EBD20C34D66003AB500 /* Deprecated */ = {
			isa = PBXGroup;
			children = (
				98B7C22220C2484A0094231F /* ViewController_DEPRECATED.swift */,
			);
			path = Deprecated;
			sourceTree = "<group>";
		};
		98B7C21220C2484A0094231F = {
			isa = PBXGroup;
			children = (
				986F7EB120C3486E003AB500 /* Default-568h@2x.png */,
				98B7C21D20C2484A0094231F /* ARTest */,
				98B7C23420C2484B0094231F /* ARTestTests */,
				98B7C23F20C2484B0094231F /* ARTestUITests */,
				98B7C21C20C2484A0094231F /* Products */,
				986F7E9320C30AA5003AB500 /* Podfile */,
				CFEA9A74AA6F0FF2DB8A09BA /* Pods */,
				F93A582A4CBFFAF65DB1E90E /* Frameworks */,
			);
			sourceTree = "<group>";
		};
		98B7C21C20C2484A0094231F /* Products */ = {
			isa = PBXGroup;
			children = (
				98B7C21B20C2484A0094231F /* ARTest.app */,
				98B7C23120C2484B0094231F /* ARTestTests.xctest */,
				98B7C23C20C2484B0094231F /* ARTestUITests.xctest */,
			);
			name = Products;
			sourceTree = "<group>";
		};
		98B7C21D20C2484A0094231F /* ARTest */ = {
			isa = PBXGroup;
			children = (
				986F7EBD20C34D66003AB500 /* Deprecated */,
				986F7E8E20C2F0C3003AB500 /* Extensions */,
				98B7C21E20C2484A0094231F /* AppDelegate.swift */,
				986F7EC520C35DD5003AB500 /* LoginController.swift */,
				986F7EBE20C34D87003AB500 /* ViewController.swift */,
				986F7EB720C349C7003AB500 /* VirtualObjectInteraction.swift */,
				986F7EB520C3499B003AB500 /* ThresholdPanGesture.swift */,
				986F7EB320C34964003AB500 /* VirtualObjectARView.swift */,
				986F7EAC20C347D5003AB500 /* Virtual Objects */,
				986F7E9D20C3463C003AB500 /* Focus Square */,
				986F7EA220C346B4003AB500 /* Additional View Controllers */,
				986F7EA720C3472E003AB500 /* Utilities */,
				986F7EAA20C3475A003AB500 /* Resources */,
				98B7C22C20C2484A0094231F /* Info.plist */,
				986F7EC120C35BBD003AB500 /* GoogleService-Info.plist */,
			);
			path = ARTest;
			sourceTree = "<group>";
		};
		98B7C23420C2484B0094231F /* ARTestTests */ = {
			isa = PBXGroup;
			children = (
				98B7C23520C2484B0094231F /* ARTestTests.swift */,
				98B7C23720C2484B0094231F /* Info.plist */,
			);
			path = ARTestTests;
			sourceTree = "<group>";
		};
		98B7C23F20C2484B0094231F /* ARTestUITests */ = {
			isa = PBXGroup;
			children = (
				98B7C24020C2484B0094231F /* ARTestUITests.swift */,
				98B7C24220C2484B0094231F /* Info.plist */,
			);
			path = ARTestUITests;
			sourceTree = "<group>";
		};
		CFEA9A74AA6F0FF2DB8A09BA /* Pods */ = {
			isa = PBXGroup;
			children = (
				C645D88C999D91331B63530A /* Pods-ARTest.debug.xcconfig */,
				C34AA609A1401DB0552970E7 /* Pods-ARTest.release.xcconfig */,
				29A8717803D9B7654973B266 /* Pods-ARTestTests.debug.xcconfig */,
				D4048C0D237362411362963E /* Pods-ARTestTests.release.xcconfig */,
				BA03967AE7F45042142A3D86 /* Pods-ARTestUITests.debug.xcconfig */,
				908D5D25DCFD29780F90DA26 /* Pods-ARTestUITests.release.xcconfig */,
			);
			name = Pods;
			sourceTree = "<group>";
		};
		F93A582A4CBFFAF65DB1E90E /* Frameworks */ = {
			isa = PBXGroup;
			children = (
				554613C92AE4CEF986555D0A /* Pods_ARTest.framework */,
				E9EEB2AA35A39EC33B66EC69 /* Pods_ARTestTests.framework */,
				1F27CFDF0243B7086A611785 /* Pods_ARTestUITests.framework */,
			);
			name = Frameworks;
			sourceTree = "<group>";
		};
/* End PBXGroup section */

/* Begin PBXNativeTarget section */
		98B7C21A20C2484A0094231F /* ARTest */ = {
			isa = PBXNativeTarget;
			buildConfigurationList = 98B7C24520C2484B0094231F /* Build configuration list for PBXNativeTarget "ARTest" */;
			buildPhases = (
				5C5A09B60EB55E0DE88B99EF /* [CP] Check Pods Manifest.lock */,
				98B7C21720C2484A0094231F /* Sources */,
				98B7C21820C2484A0094231F /* Frameworks */,
				98B7C21920C2484A0094231F /* Resources */,
				F551D42B19D82C9B956CE4C9 /* [CP] Embed Pods Frameworks */,
			);
			buildRules = (
			);
			dependencies = (
			);
			name = ARTest;
			productName = ARTest;
			productReference = 98B7C21B20C2484A0094231F /* ARTest.app */;
			productType = "com.apple.product-type.application";
		};
		98B7C23020C2484B0094231F /* ARTestTests */ = {
			isa = PBXNativeTarget;
			buildConfigurationList = 98B7C24820C2484B0094231F /* Build configuration list for PBXNativeTarget "ARTestTests" */;
			buildPhases = (
				337948B757E845F5C849E20D /* [CP] Check Pods Manifest.lock */,
				98B7C22D20C2484B0094231F /* Sources */,
				98B7C22E20C2484B0094231F /* Frameworks */,
				98B7C22F20C2484B0094231F /* Resources */,
			);
			buildRules = (
			);
			dependencies = (
				98B7C23320C2484B0094231F /* PBXTargetDependency */,
			);
			name = ARTestTests;
			productName = ARTestTests;
			productReference = 98B7C23120C2484B0094231F /* ARTestTests.xctest */;
			productType = "com.apple.product-type.bundle.unit-test";
		};
		98B7C23B20C2484B0094231F /* ARTestUITests */ = {
			isa = PBXNativeTarget;
			buildConfigurationList = 98B7C24B20C2484B0094231F /* Build configuration list for PBXNativeTarget "ARTestUITests" */;
			buildPhases = (
				FF5C200A93E3FFEC8A6D8FC9 /* [CP] Check Pods Manifest.lock */,
				98B7C23820C2484B0094231F /* Sources */,
				98B7C23920C2484B0094231F /* Frameworks */,
				98B7C23A20C2484B0094231F /* Resources */,
			);
			buildRules = (
			);
			dependencies = (
				98B7C23E20C2484B0094231F /* PBXTargetDependency */,
			);
			name = ARTestUITests;
			productName = ARTestUITests;
			productReference = 98B7C23C20C2484B0094231F /* ARTestUITests.xctest */;
			productType = "com.apple.product-type.bundle.ui-testing";
		};
/* End PBXNativeTarget section */

/* Begin PBXProject section */
		98B7C21320C2484A0094231F /* Project object */ = {
			isa = PBXProject;
			attributes = {
				LastSwiftUpdateCheck = 0900;
				LastUpgradeCheck = 0940;
				ORGANIZATIONNAME = "Victor Hao";
				TargetAttributes = {
					98B7C21A20C2484A0094231F = {
						CreatedOnToolsVersion = 9.0.1;
						ProvisioningStyle = Automatic;
					};
					98B7C23020C2484B0094231F = {
						CreatedOnToolsVersion = 9.0.1;
						ProvisioningStyle = Automatic;
						TestTargetID = 98B7C21A20C2484A0094231F;
					};
					98B7C23B20C2484B0094231F = {
						CreatedOnToolsVersion = 9.0.1;
						ProvisioningStyle = Automatic;
						TestTargetID = 98B7C21A20C2484A0094231F;
					};
				};
			};
			buildConfigurationList = 98B7C21620C2484A0094231F /* Build configuration list for PBXProject "ARTest" */;
			compatibilityVersion = "Xcode 8.0";
			developmentRegion = en;
			hasScannedForEncodings = 0;
			knownRegions = (
				en,
				Base,
			);
			mainGroup = 98B7C21220C2484A0094231F;
			productRefGroup = 98B7C21C20C2484A0094231F /* Products */;
			projectDirPath = "";
			projectRoot = "";
			targets = (
				98B7C21A20C2484A0094231F /* ARTest */,
				98B7C23020C2484B0094231F /* ARTestTests */,
				98B7C23B20C2484B0094231F /* ARTestUITests */,
			);
		};
/* End PBXProject section */

/* Begin PBXResourcesBuildPhase section */
		98B7C21920C2484A0094231F /* Resources */ = {
			isa = PBXResourcesBuildPhase;
			buildActionMask = 2147483647;
			files = (
				986F7E9420C30AA5003AB500 /* Podfile in Resources */,
				98B7C22120C2484A0094231F /* art.scnassets in Resources */,
				98B7C22B20C2484A0094231F /* LaunchScreen.storyboard in Resources */,
				986F7EB220C3486E003AB500 /* Default-568h@2x.png in Resources */,
				986F7EC020C35759003AB500 /* Assets.xcassets in Resources */,
				98B7C22620C2484A0094231F /* Main.storyboard in Resources */,
				986F7EC220C35BBD003AB500 /* GoogleService-Info.plist in Resources */,
			);
			runOnlyForDeploymentPostprocessing = 0;
		};
		98B7C22F20C2484B0094231F /* Resources */ = {
			isa = PBXResourcesBuildPhase;
			buildActionMask = 2147483647;
			files = (
				986F7EC320C35BBD003AB500 /* GoogleService-Info.plist in Resources */,
			);
			runOnlyForDeploymentPostprocessing = 0;
		};
		98B7C23A20C2484B0094231F /* Resources */ = {
			isa = PBXResourcesBuildPhase;
			buildActionMask = 2147483647;
			files = (
				986F7EC420C35BBD003AB500 /* GoogleService-Info.plist in Resources */,
			);
			runOnlyForDeploymentPostprocessing = 0;
		};
/* End PBXResourcesBuildPhase section */

/* Begin PBXShellScriptBuildPhase section */
		337948B757E845F5C849E20D /* [CP] Check Pods Manifest.lock */ = {
			isa = PBXShellScriptBuildPhase;
			buildActionMask = 2147483647;
			files = (
			);
			inputPaths = (
				"${PODS_PODFILE_DIR_PATH}/Podfile.lock",
				"${PODS_ROOT}/Manifest.lock",
			);
			name = "[CP] Check Pods Manifest.lock";
			outputPaths = (
				"$(DERIVED_FILE_DIR)/Pods-ARTestTests-checkManifestLockResult.txt",
			);
			runOnlyForDeploymentPostprocessing = 0;
			shellPath = /bin/sh;
			shellScript = "diff \"${PODS_PODFILE_DIR_PATH}/Podfile.lock\" \"${PODS_ROOT}/Manifest.lock\" > /dev/null\nif [ $? != 0 ] ; then\n    # print error to STDERR\n    echo \"error: The sandbox is not in sync with the Podfile.lock. Run 'pod install' or update your CocoaPods installation.\" >&2\n    exit 1\nfi\n# This output is used by Xcode 'outputs' to avoid re-running this script phase.\necho \"SUCCESS\" > \"${SCRIPT_OUTPUT_FILE_0}\"\n";
			showEnvVarsInLog = 0;
		};
		5C5A09B60EB55E0DE88B99EF /* [CP] Check Pods Manifest.lock */ = {
			isa = PBXShellScriptBuildPhase;
			buildActionMask = 2147483647;
			files = (
			);
			inputPaths = (
				"${PODS_PODFILE_DIR_PATH}/Podfile.lock",
				"${PODS_ROOT}/Manifest.lock",
			);
			name = "[CP] Check Pods Manifest.lock";
			outputPaths = (
				"$(DERIVED_FILE_DIR)/Pods-ARTest-checkManifestLockResult.txt",
			);
			runOnlyForDeploymentPostprocessing = 0;
			shellPath = /bin/sh;
			shellScript = "diff \"${PODS_PODFILE_DIR_PATH}/Podfile.lock\" \"${PODS_ROOT}/Manifest.lock\" > /dev/null\nif [ $? != 0 ] ; then\n    # print error to STDERR\n    echo \"error: The sandbox is not in sync with the Podfile.lock. Run 'pod install' or update your CocoaPods installation.\" >&2\n    exit 1\nfi\n# This output is used by Xcode 'outputs' to avoid re-running this script phase.\necho \"SUCCESS\" > \"${SCRIPT_OUTPUT_FILE_0}\"\n";
			showEnvVarsInLog = 0;
		};
		F551D42B19D82C9B956CE4C9 /* [CP] Embed Pods Frameworks */ = {
			isa = PBXShellScriptBuildPhase;
			buildActionMask = 2147483647;
			files = (
			);
			inputPaths = (
				"${SRCROOT}/Pods/Target Support Files/Pods-ARTest/Pods-ARTest-frameworks.sh",
				"${BUILT_PRODUCTS_DIR}/ARCL/ARCL.framework",
				"${BUILT_PRODUCTS_DIR}/GTMSessionFetcher/GTMSessionFetcher.framework",
				"${BUILT_PRODUCTS_DIR}/GoogleToolboxForMac/GoogleToolboxForMac.framework",
				"${BUILT_PRODUCTS_DIR}/leveldb-library/leveldb.framework",
				"${BUILT_PRODUCTS_DIR}/nanopb/nanopb.framework",
			);
			name = "[CP] Embed Pods Frameworks";
			outputPaths = (
				"${TARGET_BUILD_DIR}/${FRAMEWORKS_FOLDER_PATH}/ARCL.framework",
				"${TARGET_BUILD_DIR}/${FRAMEWORKS_FOLDER_PATH}/GTMSessionFetcher.framework",
				"${TARGET_BUILD_DIR}/${FRAMEWORKS_FOLDER_PATH}/GoogleToolboxForMac.framework",
				"${TARGET_BUILD_DIR}/${FRAMEWORKS_FOLDER_PATH}/leveldb.framework",
				"${TARGET_BUILD_DIR}/${FRAMEWORKS_FOLDER_PATH}/nanopb.framework",
			);
			runOnlyForDeploymentPostprocessing = 0;
			shellPath = /bin/sh;
			shellScript = "\"${SRCROOT}/Pods/Target Support Files/Pods-ARTest/Pods-ARTest-frameworks.sh\"\n";
			showEnvVarsInLog = 0;
		};
		FF5C200A93E3FFEC8A6D8FC9 /* [CP] Check Pods Manifest.lock */ = {
			isa = PBXShellScriptBuildPhase;
			buildActionMask = 2147483647;
			files = (
			);
			inputPaths = (
				"${PODS_PODFILE_DIR_PATH}/Podfile.lock",
				"${PODS_ROOT}/Manifest.lock",
			);
			name = "[CP] Check Pods Manifest.lock";
			outputPaths = (
				"$(DERIVED_FILE_DIR)/Pods-ARTestUITests-checkManifestLockResult.txt",
			);
			runOnlyForDeploymentPostprocessing = 0;
			shellPath = /bin/sh;
			shellScript = "diff \"${PODS_PODFILE_DIR_PATH}/Podfile.lock\" \"${PODS_ROOT}/Manifest.lock\" > /dev/null\nif [ $? != 0 ] ; then\n    # print error to STDERR\n    echo \"error: The sandbox is not in sync with the Podfile.lock. Run 'pod install' or update your CocoaPods installation.\" >&2\n    exit 1\nfi\n# This output is used by Xcode 'outputs' to avoid re-running this script phase.\necho \"SUCCESS\" > \"${SCRIPT_OUTPUT_FILE_0}\"\n";
			showEnvVarsInLog = 0;
		};
/* End PBXShellScriptBuildPhase section */

/* Begin PBXSourcesBuildPhase section */
		98B7C21720C2484A0094231F /* Sources */ = {
			isa = PBXSourcesBuildPhase;
			buildActionMask = 2147483647;
			files = (
				98B7C22320C2484A0094231F /* ViewController_DEPRECATED.swift in Sources */,
				986F7EBC20C34AE3003AB500 /* ViewController+AnchorUpdate.swift in Sources */,
				986F7E9C20C33410003AB500 /* ViewController+Rendering.swift in Sources */,
				986F7ECA20C35FA4003AB500 /* UIColor+RGB.swift in Sources */,
				986F7E9220C2F5A5003AB500 /* matrix_float4x4+PositionFromTransform.swift in Sources */,
				986F7E9A20C333E5003AB500 /* ViewController+Firebase.swift in Sources */,
				986F7EBA20C34A44003AB500 /* ViewController+Gestures.swift in Sources */,
				986F7EB820C349C7003AB500 /* VirtualObjectInteraction.swift in Sources */,
				986F7EA920C3473C003AB500 /* Utilities.swift in Sources */,
				986F7EAE20C347F4003AB500 /* VirtualObject.swift in Sources */,
				986F7E9F20C34663003AB500 /* FocusSquare.swift in Sources */,
				986F7EBF20C34D87003AB500 /* ViewController.swift in Sources */,
				986F7EA120C34682003AB500 /* FocusSquareSegment.swift in Sources */,
				986F7EA620C34701003AB500 /* VirtualObjectSelection.swift in Sources */,
				986F7EC620C35DD5003AB500 /* LoginController.swift in Sources */,
				986F7EB020C34808003AB500 /* VirtualObjectLoader.swift in Sources */,
				986F7E9620C32844003AB500 /* ViewController+LocationServices.swift in Sources */,
				98B7C21F20C2484A0094231F /* AppDelegate.swift in Sources */,
				986F7EB420C34964003AB500 /* VirtualObjectARView.swift in Sources */,
				986F7EA420C346E3003AB500 /* StatusViewController.swift in Sources */,
				986F7E9020C2F10D003AB500 /* SCNVector3+MultipleFunctions.swift in Sources */,
				986F7EB620C3499B003AB500 /* ThresholdPanGesture.swift in Sources */,
			);
			runOnlyForDeploymentPostprocessing = 0;
		};
		98B7C22D20C2484B0094231F /* Sources */ = {
			isa = PBXSourcesBuildPhase;
			buildActionMask = 2147483647;
			files = (
				98B7C23620C2484B0094231F /* ARTestTests.swift in Sources */,
				986F7ECB20C35FA4003AB500 /* UIColor+RGB.swift in Sources */,
				986F7EC720C35DD5003AB500 /* LoginController.swift in Sources */,
			);
			runOnlyForDeploymentPostprocessing = 0;
		};
		98B7C23820C2484B0094231F /* Sources */ = {
			isa = PBXSourcesBuildPhase;
			buildActionMask = 2147483647;
			files = (
				98B7C24120C2484B0094231F /* ARTestUITests.swift in Sources */,
				986F7ECC20C35FA4003AB500 /* UIColor+RGB.swift in Sources */,
				986F7EC820C35DD5003AB500 /* LoginController.swift in Sources */,
			);
			runOnlyForDeploymentPostprocessing = 0;
		};
/* End PBXSourcesBuildPhase section */

/* Begin PBXTargetDependency section */
		98B7C23320C2484B0094231F /* PBXTargetDependency */ = {
			isa = PBXTargetDependency;
			target = 98B7C21A20C2484A0094231F /* ARTest */;
			targetProxy = 98B7C23220C2484B0094231F /* PBXContainerItemProxy */;
		};
		98B7C23E20C2484B0094231F /* PBXTargetDependency */ = {
			isa = PBXTargetDependency;
			target = 98B7C21A20C2484A0094231F /* ARTest */;
			targetProxy = 98B7C23D20C2484B0094231F /* PBXContainerItemProxy */;
		};
/* End PBXTargetDependency section */

/* Begin PBXVariantGroup section */
		98B7C22420C2484A0094231F /* Main.storyboard */ = {
			isa = PBXVariantGroup;
			children = (
				98B7C22520C2484A0094231F /* Base */,
			);
			name = Main.storyboard;
			sourceTree = "<group>";
		};
		98B7C22920C2484A0094231F /* LaunchScreen.storyboard */ = {
			isa = PBXVariantGroup;
			children = (
				98B7C22A20C2484A0094231F /* Base */,
			);
			name = LaunchScreen.storyboard;
			sourceTree = "<group>";
		};
/* End PBXVariantGroup section */

/* Begin XCBuildConfiguration section */
		98B7C24320C2484B0094231F /* Debug */ = {
			isa = XCBuildConfiguration;
			buildSettings = {
				ALWAYS_SEARCH_USER_PATHS = NO;
				CLANG_ANALYZER_NONNULL = YES;
				CLANG_ANALYZER_NUMBER_OBJECT_CONVERSION = YES_AGGRESSIVE;
				CLANG_CXX_LANGUAGE_STANDARD = "gnu++14";
				CLANG_CXX_LIBRARY = "libc++";
				CLANG_ENABLE_MODULES = YES;
				CLANG_ENABLE_OBJC_ARC = YES;
				CLANG_WARN_BLOCK_CAPTURE_AUTORELEASING = YES;
				CLANG_WARN_BOOL_CONVERSION = YES;
				CLANG_WARN_COMMA = YES;
				CLANG_WARN_CONSTANT_CONVERSION = YES;
				CLANG_WARN_DEPRECATED_OBJC_IMPLEMENTATIONS = YES;
				CLANG_WARN_DIRECT_OBJC_ISA_USAGE = YES_ERROR;
				CLANG_WARN_DOCUMENTATION_COMMENTS = YES;
				CLANG_WARN_EMPTY_BODY = YES;
				CLANG_WARN_ENUM_CONVERSION = YES;
				CLANG_WARN_INFINITE_RECURSION = YES;
				CLANG_WARN_INT_CONVERSION = YES;
				CLANG_WARN_NON_LITERAL_NULL_CONVERSION = YES;
				CLANG_WARN_OBJC_IMPLICIT_RETAIN_SELF = YES;
				CLANG_WARN_OBJC_LITERAL_CONVERSION = YES;
				CLANG_WARN_OBJC_ROOT_CLASS = YES_ERROR;
				CLANG_WARN_RANGE_LOOP_ANALYSIS = YES;
				CLANG_WARN_STRICT_PROTOTYPES = YES;
				CLANG_WARN_SUSPICIOUS_MOVE = YES;
				CLANG_WARN_UNGUARDED_AVAILABILITY = YES_AGGRESSIVE;
				CLANG_WARN_UNREACHABLE_CODE = YES;
				CLANG_WARN__DUPLICATE_METHOD_MATCH = YES;
				CODE_SIGN_IDENTITY = "iPhone Developer";
				COPY_PHASE_STRIP = NO;
				DEBUG_INFORMATION_FORMAT = dwarf;
				ENABLE_STRICT_OBJC_MSGSEND = YES;
				ENABLE_TESTABILITY = YES;
				GCC_C_LANGUAGE_STANDARD = gnu11;
				GCC_DYNAMIC_NO_PIC = NO;
				GCC_NO_COMMON_BLOCKS = YES;
				GCC_OPTIMIZATION_LEVEL = 0;
				GCC_PREPROCESSOR_DEFINITIONS = (
					"DEBUG=1",
					"$(inherited)",
				);
				GCC_WARN_64_TO_32_BIT_CONVERSION = YES;
				GCC_WARN_ABOUT_RETURN_TYPE = YES_ERROR;
				GCC_WARN_UNDECLARED_SELECTOR = YES;
				GCC_WARN_UNINITIALIZED_AUTOS = YES_AGGRESSIVE;
				GCC_WARN_UNUSED_FUNCTION = YES;
				GCC_WARN_UNUSED_VARIABLE = YES;
				IPHONEOS_DEPLOYMENT_TARGET = 11.3;
				MTL_ENABLE_DEBUG_INFO = YES;
				ONLY_ACTIVE_ARCH = YES;
				SDKROOT = iphoneos;
				SWIFT_ACTIVE_COMPILATION_CONDITIONS = DEBUG;
				SWIFT_OPTIMIZATION_LEVEL = "-Onone";
			};
			name = Debug;
		};
		98B7C24420C2484B0094231F /* Release */ = {
			isa = XCBuildConfiguration;
			buildSettings = {
				ALWAYS_SEARCH_USER_PATHS = NO;
				CLANG_ANALYZER_NONNULL = YES;
				CLANG_ANALYZER_NUMBER_OBJECT_CONVERSION = YES_AGGRESSIVE;
				CLANG_CXX_LANGUAGE_STANDARD = "gnu++14";
				CLANG_CXX_LIBRARY = "libc++";
				CLANG_ENABLE_MODULES = YES;
				CLANG_ENABLE_OBJC_ARC = YES;
				CLANG_WARN_BLOCK_CAPTURE_AUTORELEASING = YES;
				CLANG_WARN_BOOL_CONVERSION = YES;
				CLANG_WARN_COMMA = YES;
				CLANG_WARN_CONSTANT_CONVERSION = YES;
				CLANG_WARN_DEPRECATED_OBJC_IMPLEMENTATIONS = YES;
				CLANG_WARN_DIRECT_OBJC_ISA_USAGE = YES_ERROR;
				CLANG_WARN_DOCUMENTATION_COMMENTS = YES;
				CLANG_WARN_EMPTY_BODY = YES;
				CLANG_WARN_ENUM_CONVERSION = YES;
				CLANG_WARN_INFINITE_RECURSION = YES;
				CLANG_WARN_INT_CONVERSION = YES;
				CLANG_WARN_NON_LITERAL_NULL_CONVERSION = YES;
				CLANG_WARN_OBJC_IMPLICIT_RETAIN_SELF = YES;
				CLANG_WARN_OBJC_LITERAL_CONVERSION = YES;
				CLANG_WARN_OBJC_ROOT_CLASS = YES_ERROR;
				CLANG_WARN_RANGE_LOOP_ANALYSIS = YES;
				CLANG_WARN_STRICT_PROTOTYPES = YES;
				CLANG_WARN_SUSPICIOUS_MOVE = YES;
				CLANG_WARN_UNGUARDED_AVAILABILITY = YES_AGGRESSIVE;
				CLANG_WARN_UNREACHABLE_CODE = YES;
				CLANG_WARN__DUPLICATE_METHOD_MATCH = YES;
				CODE_SIGN_IDENTITY = "iPhone Developer";
				COPY_PHASE_STRIP = NO;
				DEBUG_INFORMATION_FORMAT = "dwarf-with-dsym";
				ENABLE_NS_ASSERTIONS = NO;
				ENABLE_STRICT_OBJC_MSGSEND = YES;
				GCC_C_LANGUAGE_STANDARD = gnu11;
				GCC_NO_COMMON_BLOCKS = YES;
				GCC_WARN_64_TO_32_BIT_CONVERSION = YES;
				GCC_WARN_ABOUT_RETURN_TYPE = YES_ERROR;
				GCC_WARN_UNDECLARED_SELECTOR = YES;
				GCC_WARN_UNINITIALIZED_AUTOS = YES_AGGRESSIVE;
				GCC_WARN_UNUSED_FUNCTION = YES;
				GCC_WARN_UNUSED_VARIABLE = YES;
				IPHONEOS_DEPLOYMENT_TARGET = 11.3;
				MTL_ENABLE_DEBUG_INFO = NO;
				SDKROOT = iphoneos;
				SWIFT_OPTIMIZATION_LEVEL = "-Owholemodule";
				VALIDATE_PRODUCT = YES;
			};
			name = Release;
		};
		98B7C24620C2484B0094231F /* Debug */ = {
			isa = XCBuildConfiguration;
			baseConfigurationReference = C645D88C999D91331B63530A /* Pods-ARTest.debug.xcconfig */;
			buildSettings = {
				ASSETCATALOG_COMPILER_APPICON_NAME = AppIcon;
				CODE_SIGN_STYLE = Automatic;
				DEVELOPMENT_TEAM = 2Y7W4TQXYN;
				INFOPLIST_FILE = ARTest/Info.plist;
				LD_RUNPATH_SEARCH_PATHS = "$(inherited) @executable_path/Frameworks";
				PRODUCT_BUNDLE_IDENTIFIER = vBoop.vBoop;
				PRODUCT_NAME = "$(TARGET_NAME)";
				SWIFT_VERSION = 4.0;
				TARGETED_DEVICE_FAMILY = "1,2";
			};
			name = Debug;
		};
		98B7C24720C2484B0094231F /* Release */ = {
			isa = XCBuildConfiguration;
			baseConfigurationReference = C34AA609A1401DB0552970E7 /* Pods-ARTest.release.xcconfig */;
			buildSettings = {
				ASSETCATALOG_COMPILER_APPICON_NAME = AppIcon;
				CODE_SIGN_STYLE = Automatic;
				DEVELOPMENT_TEAM = 2Y7W4TQXYN;
				INFOPLIST_FILE = ARTest/Info.plist;
				LD_RUNPATH_SEARCH_PATHS = "$(inherited) @executable_path/Frameworks";
				PRODUCT_BUNDLE_IDENTIFIER = vBoop.vBoop;
				PRODUCT_NAME = "$(TARGET_NAME)";
				SWIFT_VERSION = 4.0;
				TARGETED_DEVICE_FAMILY = "1,2";
			};
			name = Release;
		};
		98B7C24920C2484B0094231F /* Debug */ = {
			isa = XCBuildConfiguration;
			baseConfigurationReference = 29A8717803D9B7654973B266 /* Pods-ARTestTests.debug.xcconfig */;
			buildSettings = {
				ALWAYS_EMBED_SWIFT_STANDARD_LIBRARIES = YES;
				BUNDLE_LOADER = "$(TEST_HOST)";
				CODE_SIGN_STYLE = Automatic;
				INFOPLIST_FILE = ARTestTests/Info.plist;
				LD_RUNPATH_SEARCH_PATHS = "$(inherited) @executable_path/Frameworks @loader_path/Frameworks";
				PRODUCT_BUNDLE_IDENTIFIER = vBoop.ARTestTests;
				PRODUCT_NAME = "$(TARGET_NAME)";
				SWIFT_VERSION = 4.0;
				TARGETED_DEVICE_FAMILY = "1,2";
				TEST_HOST = "$(BUILT_PRODUCTS_DIR)/ARTest.app/ARTest";
			};
			name = Debug;
		};
		98B7C24A20C2484B0094231F /* Release */ = {
			isa = XCBuildConfiguration;
			baseConfigurationReference = D4048C0D237362411362963E /* Pods-ARTestTests.release.xcconfig */;
			buildSettings = {
				ALWAYS_EMBED_SWIFT_STANDARD_LIBRARIES = YES;
				BUNDLE_LOADER = "$(TEST_HOST)";
				CODE_SIGN_STYLE = Automatic;
				INFOPLIST_FILE = ARTestTests/Info.plist;
				LD_RUNPATH_SEARCH_PATHS = "$(inherited) @executable_path/Frameworks @loader_path/Frameworks";
				PRODUCT_BUNDLE_IDENTIFIER = vBoop.ARTestTests;
				PRODUCT_NAME = "$(TARGET_NAME)";
				SWIFT_VERSION = 4.0;
				TARGETED_DEVICE_FAMILY = "1,2";
				TEST_HOST = "$(BUILT_PRODUCTS_DIR)/ARTest.app/ARTest";
			};
			name = Release;
		};
		98B7C24C20C2484B0094231F /* Debug */ = {
			isa = XCBuildConfiguration;
			baseConfigurationReference = BA03967AE7F45042142A3D86 /* Pods-ARTestUITests.debug.xcconfig */;
			buildSettings = {
				ALWAYS_EMBED_SWIFT_STANDARD_LIBRARIES = YES;
				CODE_SIGN_STYLE = Automatic;
				INFOPLIST_FILE = ARTestUITests/Info.plist;
				LD_RUNPATH_SEARCH_PATHS = "$(inherited) @executable_path/Frameworks @loader_path/Frameworks";
				PRODUCT_BUNDLE_IDENTIFIER = vBoop.ARTestUITests;
				PRODUCT_NAME = "$(TARGET_NAME)";
				SWIFT_VERSION = 4.0;
				TARGETED_DEVICE_FAMILY = "1,2";
				TEST_TARGET_NAME = ARTest;
			};
			name = Debug;
		};
		98B7C24D20C2484B0094231F /* Release */ = {
			isa = XCBuildConfiguration;
			baseConfigurationReference = 908D5D25DCFD29780F90DA26 /* Pods-ARTestUITests.release.xcconfig */;
			buildSettings = {
				ALWAYS_EMBED_SWIFT_STANDARD_LIBRARIES = YES;
				CODE_SIGN_STYLE = Automatic;
				INFOPLIST_FILE = ARTestUITests/Info.plist;
				LD_RUNPATH_SEARCH_PATHS = "$(inherited) @executable_path/Frameworks @loader_path/Frameworks";
				PRODUCT_BUNDLE_IDENTIFIER = vBoop.ARTestUITests;
				PRODUCT_NAME = "$(TARGET_NAME)";
				SWIFT_VERSION = 4.0;
				TARGETED_DEVICE_FAMILY = "1,2";
				TEST_TARGET_NAME = ARTest;
			};
			name = Release;
		};
/* End XCBuildConfiguration section */

/* Begin XCConfigurationList section */
		98B7C21620C2484A0094231F /* Build configuration list for PBXProject "ARTest" */ = {
			isa = XCConfigurationList;
			buildConfigurations = (
				98B7C24320C2484B0094231F /* Debug */,
				98B7C24420C2484B0094231F /* Release */,
			);
			defaultConfigurationIsVisible = 0;
			defaultConfigurationName = Release;
		};
		98B7C24520C2484B0094231F /* Build configuration list for PBXNativeTarget "ARTest" */ = {
			isa = XCConfigurationList;
			buildConfigurations = (
				98B7C24620C2484B0094231F /* Debug */,
				98B7C24720C2484B0094231F /* Release */,
			);
			defaultConfigurationIsVisible = 0;
			defaultConfigurationName = Release;
		};
		98B7C24820C2484B0094231F /* Build configuration list for PBXNativeTarget "ARTestTests" */ = {
			isa = XCConfigurationList;
			buildConfigurations = (
				98B7C24920C2484B0094231F /* Debug */,
				98B7C24A20C2484B0094231F /* Release */,
			);
			defaultConfigurationIsVisible = 0;
			defaultConfigurationName = Release;
		};
		98B7C24B20C2484B0094231F /* Build configuration list for PBXNativeTarget "ARTestUITests" */ = {
			isa = XCConfigurationList;
			buildConfigurations = (
				98B7C24C20C2484B0094231F /* Debug */,
				98B7C24D20C2484B0094231F /* Release */,
			);
			defaultConfigurationIsVisible = 0;
			defaultConfigurationName = Release;
		};
/* End XCConfigurationList section */
	};
	rootObject = 98B7C21320C2484A0094231F /* Project object */;
}
